
Microsoft Visual Studio Solution File, Format Version 12.00
# Visual Studio Version 16
VisualStudioVersion = 16.0.30907.101
MinimumVisualStudioVersion = 10.0.40219.1
Project("{9A19103F-16F7-4668-BE54-9A1E7A4F7556}") = "SadTacToe", "SadTacToe.csproj", "{95247DBA-A393-47B3-A1F6-BB607D242478}"
EndProject
Global
	GlobalSection(SolutionConfigurationPlatforms) = preSolution
		Debug|Any CPU = Debug|Any CPU
		Release|Any CPU = Release|Any CPU
	EndGlobalSection
	GlobalSection(ProjectConfigurationPlatforms) = postSolution
		{95247DBA-A393-47B3-A1F6-BB607D242478}.Debug|Any CPU.ActiveCfg = Debug|Any CPU
		{95247DBA-A393-47B3-A1F6-BB607D242478}.Debug|Any CPU.Build.0 = Debug|Any CPU
		{95247DBA-A393-47B3-A1F6-BB607D242478}.Release|Any CPU.ActiveCfg = Release|Any CPU
		{95247DBA-A393-47B3-A1F6-BB607D242478}.Release|Any CPU.Build.0 = Release|Any CPU
	EndGlobalSection
	GlobalSection(SolutionProperties) = preSolution
		HideSolutionNode = FALSE
	EndGlobalSection
	GlobalSection(ExtensibilityGlobals) = postSolution
		SolutionGuid = {DC713E8A-31E8-49E7-BB27-C5C67CAB6CCD}
	EndGlobalSection
EndGlobal
